
Microsoft Visual Studio Solution File, Format Version 12.00
# Visual Studio Version 16
VisualStudioVersion = 16.0.31112.23
MinimumVisualStudioVersion = 10.0.40219.1
Project("{9A19103F-16F7-4668-BE54-9A1E7A4F7556}") = "LinkedList", "LinkedList\LinkedList.csproj", "{22285212-9048-47BD-BFAC-B04CC2A4A911}"
EndProject
Project("{FAE04EC0-301F-11D3-BF4B-00C04F79EFBC}") = "StackUsingLinkedList", "StackUsingLinkedList\StackUsingLinkedList.csproj", "{E10D9A4A-03A1-4907-8036-95BDF38E96D5}"
EndProject
Project("{FAE04EC0-301F-11D3-BF4B-00C04F79EFBC}") = "LinkedListLibrary", "LinkedListLibrary\LinkedListLibrary.csproj", "{F0350DD9-3210-4ACD-A8BC-85B5D587E161}"
EndProject
Global
	GlobalSection(SolutionConfigurationPlatforms) = preSolution
		Debug|Any CPU = Debug|Any CPU
		Release|Any CPU = Release|Any CPU
	EndGlobalSection
	GlobalSection(ProjectConfigurationPlatforms) = postSolution
		{22285212-9048-47BD-BFAC-B04CC2A4A911}.Debug|Any CPU.ActiveCfg = Debug|Any CPU
		{22285212-9048-47BD-BFAC-B04CC2A4A911}.Debug|Any CPU.Build.0 = Debug|Any CPU
		{22285212-9048-47BD-BFAC-B04CC2A4A911}.Release|Any CPU.ActiveCfg = Release|Any CPU
		{22285212-9048-47BD-BFAC-B04CC2A4A911}.Release|Any CPU.Build.0 = Release|Any CPU
		{E10D9A4A-03A1-4907-8036-95BDF38E96D5}.Debug|Any CPU.ActiveCfg = Debug|Any CPU
		{E10D9A4A-03A1-4907-8036-95BDF38E96D5}.Debug|Any CPU.Build.0 = Debug|Any CPU
		{E10D9A4A-03A1-4907-8036-95BDF38E96D5}.Release|Any CPU.ActiveCfg = Release|Any CPU
		{E10D9A4A-03A1-4907-8036-95BDF38E96D5}.Release|Any CPU.Build.0 = Release|Any CPU
		{F0350DD9-3210-4ACD-A8BC-85B5D587E161}.Debug|Any CPU.ActiveCfg = Debug|Any CPU
		{F0350DD9-3210-4ACD-A8BC-85B5D587E161}.Debug|Any CPU.Build.0 = Debug|Any CPU
		{F0350DD9-3210-4ACD-A8BC-85B5D587E161}.Release|Any CPU.ActiveCfg = Release|Any CPU
		{F0350DD9-3210-4ACD-A8BC-85B5D587E161}.Release|Any CPU.Build.0 = Release|Any CPU
	EndGlobalSection
	GlobalSection(SolutionProperties) = preSolution
		HideSolutionNode = FALSE
	EndGlobalSection
	GlobalSection(ExtensibilityGlobals) = postSolution
		SolutionGuid = {8B691E68-D426-450A-8706-CB0229749909}
	EndGlobalSection
EndGlobal
